
Microsoft Visual Studio Solution File, Format Version 12.00
# Visual Studio Version 17
VisualStudioVersion = 17.14.36121.58 d17.14
MinimumVisualStudioVersion = 10.0.40219.1
Project("{FAE04EC0-301F-11D3-BF4B-00C04F79EFBC}") = "Api", "Api\Api.csproj", "{72B9E07B-8DDE-49F3-9C71-297C97878835}"
EndProject
Project("{E53339B2-1760-4266-BCC7-CA923CBCF16C}") = "docker-compose", "docker-compose.dcproj", "{81DDED9D-158B-E303-5F62-77A2896D2A5A}"
EndProject
Project("{FAE04EC0-301F-11D3-BF4B-00C04F79EFBC}") = "Application", "Application\Application.csproj", "{2C5D2CF9-5C47-4955-88B2-FEC82D0953F4}"
EndProject
Project("{FAE04EC0-301F-11D3-BF4B-00C04F79EFBC}") = "Domain", "Domain\Domain.csproj", "{D5F1EAF2-6A23-4AC7-88B1-309C5B0B1DAD}"
EndProject
Project("{FAE04EC0-301F-11D3-BF4B-00C04F79EFBC}") = "Infrastructure", "Infrastructure\Infrastructure.csproj", "{58850C33-FEA6-4DA2-BD1B-ADE121FA8B9E}"
EndProject
Project("{FAE04EC0-301F-11D3-BF4B-00C04F79EFBC}") = "Common", "Common\Common.csproj", "{6236AED3-89B5-473D-A579-022BA4DA9644}"
EndProject
Global
	GlobalSection(SolutionConfigurationPlatforms) = preSolution
		Debug|Any CPU = Debug|Any CPU
		Release|Any CPU = Release|Any CPU
	EndGlobalSection
	GlobalSection(ProjectConfigurationPlatforms) = postSolution
		{72B9E07B-8DDE-49F3-9C71-297C97878835}.Debug|Any CPU.ActiveCfg = Debug|Any CPU
		{72B9E07B-8DDE-49F3-9C71-297C97878835}.Debug|Any CPU.Build.0 = Debug|Any CPU
		{72B9E07B-8DDE-49F3-9C71-297C97878835}.Release|Any CPU.ActiveCfg = Release|Any CPU
		{72B9E07B-8DDE-49F3-9C71-297C97878835}.Release|Any CPU.Build.0 = Release|Any CPU
		{81DDED9D-158B-E303-5F62-77A2896D2A5A}.Debug|Any CPU.ActiveCfg = Debug|Any CPU
		{81DDED9D-158B-E303-5F62-77A2896D2A5A}.Debug|Any CPU.Build.0 = Debug|Any CPU
		{81DDED9D-158B-E303-5F62-77A2896D2A5A}.Release|Any CPU.ActiveCfg = Release|Any CPU
		{81DDED9D-158B-E303-5F62-77A2896D2A5A}.Release|Any CPU.Build.0 = Release|Any CPU
		{2C5D2CF9-5C47-4955-88B2-FEC82D0953F4}.Debug|Any CPU.ActiveCfg = Debug|Any CPU
		{2C5D2CF9-5C47-4955-88B2-FEC82D0953F4}.Debug|Any CPU.Build.0 = Debug|Any CPU
		{2C5D2CF9-5C47-4955-88B2-FEC82D0953F4}.Release|Any CPU.ActiveCfg = Release|Any CPU
		{2C5D2CF9-5C47-4955-88B2-FEC82D0953F4}.Release|Any CPU.Build.0 = Release|Any CPU
		{D5F1EAF2-6A23-4AC7-88B1-309C5B0B1DAD}.Debug|Any CPU.ActiveCfg = Debug|Any CPU
		{D5F1EAF2-6A23-4AC7-88B1-309C5B0B1DAD}.Debug|Any CPU.Build.0 = Debug|Any CPU
		{D5F1EAF2-6A23-4AC7-88B1-309C5B0B1DAD}.Release|Any CPU.ActiveCfg = Release|Any CPU
		{D5F1EAF2-6A23-4AC7-88B1-309C5B0B1DAD}.Release|Any CPU.Build.0 = Release|Any CPU
		{58850C33-FEA6-4DA2-BD1B-ADE121FA8B9E}.Debug|Any CPU.ActiveCfg = Debug|Any CPU
		{58850C33-FEA6-4DA2-BD1B-ADE121FA8B9E}.Debug|Any CPU.Build.0 = Debug|Any CPU
		{58850C33-FEA6-4DA2-BD1B-ADE121FA8B9E}.Release|Any CPU.ActiveCfg = Release|Any CPU
		{58850C33-FEA6-4DA2-BD1B-ADE121FA8B9E}.Release|Any CPU.Build.0 = Release|Any CPU
		{6236AED3-89B5-473D-A579-022BA4DA9644}.Debug|Any CPU.ActiveCfg = Debug|Any CPU
		{6236AED3-89B5-473D-A579-022BA4DA9644}.Debug|Any CPU.Build.0 = Debug|Any CPU
		{6236AED3-89B5-473D-A579-022BA4DA9644}.Release|Any CPU.ActiveCfg = Release|Any CPU
		{6236AED3-89B5-473D-A579-022BA4DA9644}.Release|Any CPU.Build.0 = Release|Any CPU
	EndGlobalSection
	GlobalSection(SolutionProperties) = preSolution
		HideSolutionNode = FALSE
	EndGlobalSection
	GlobalSection(ExtensibilityGlobals) = postSolution
		SolutionGuid = {3471F04C-4250-4B5B-BF22-A9437AF4F0AA}
	EndGlobalSection
EndGlobal
